
Microsoft Visual Studio Solution File, Format Version 12.00
Project("{FAE04EC0-301F-11D3-BF4B-00C04F79EFBC}") = "WebApi", "WebApi\WebApi.csproj", "{BE8045DD-EB18-40DE-8789-35ABEDE4DB95}"
EndProject
Project("{FAE04EC0-301F-11D3-BF4B-00C04F79EFBC}") = "PersistenceRam", "PersistenceRam\PersistenceRam.csproj", "{30830FA6-BDF9-437C-9CA4-64B62A32FC4A}"
EndProject
Project("{FAE04EC0-301F-11D3-BF4B-00C04F79EFBC}") = "Domain", "Domain\Domain.csproj", "{B9B7501B-D094-48AB-A190-2D997EA0A156}"
EndProject
Global
	GlobalSection(SolutionConfigurationPlatforms) = preSolution
		Debug|Any CPU = Debug|Any CPU
		Release|Any CPU = Release|Any CPU
	EndGlobalSection
	GlobalSection(ProjectConfigurationPlatforms) = postSolution
		{BE8045DD-EB18-40DE-8789-35ABEDE4DB95}.Debug|Any CPU.ActiveCfg = Debug|Any CPU
		{BE8045DD-EB18-40DE-8789-35ABEDE4DB95}.Debug|Any CPU.Build.0 = Debug|Any CPU
		{BE8045DD-EB18-40DE-8789-35ABEDE4DB95}.Release|Any CPU.ActiveCfg = Release|Any CPU
		{BE8045DD-EB18-40DE-8789-35ABEDE4DB95}.Release|Any CPU.Build.0 = Release|Any CPU
		{30830FA6-BDF9-437C-9CA4-64B62A32FC4A}.Debug|Any CPU.ActiveCfg = Debug|Any CPU
		{30830FA6-BDF9-437C-9CA4-64B62A32FC4A}.Debug|Any CPU.Build.0 = Debug|Any CPU
		{30830FA6-BDF9-437C-9CA4-64B62A32FC4A}.Release|Any CPU.ActiveCfg = Release|Any CPU
		{30830FA6-BDF9-437C-9CA4-64B62A32FC4A}.Release|Any CPU.Build.0 = Release|Any CPU
		{B9B7501B-D094-48AB-A190-2D997EA0A156}.Debug|Any CPU.ActiveCfg = Debug|Any CPU
		{B9B7501B-D094-48AB-A190-2D997EA0A156}.Debug|Any CPU.Build.0 = Debug|Any CPU
		{B9B7501B-D094-48AB-A190-2D997EA0A156}.Release|Any CPU.ActiveCfg = Release|Any CPU
		{B9B7501B-D094-48AB-A190-2D997EA0A156}.Release|Any CPU.Build.0 = Release|Any CPU
	EndGlobalSection
EndGlobal
